
Microsoft Visual Studio Solution File, Format Version 12.00
# Visual Studio Version 16
VisualStudioVersion = 16.0.31911.196
MinimumVisualStudioVersion = 10.0.40219.1
Project("{FAE04EC0-301F-11D3-BF4B-00C04F79EFBC}") = "ISBGroup", "ISBGroup.csproj", "{6A0571F7-C757-468E-A95C-61C99787B2A6}"
EndProject
Global
	GlobalSection(SolutionConfigurationPlatforms) = preSolution
		Debug|Any CPU = Debug|Any CPU
		Release|Any CPU = Release|Any CPU
	EndGlobalSection
	GlobalSection(ProjectConfigurationPlatforms) = postSolution
		{6A0571F7-C757-468E-A95C-61C99787B2A6}.Release|Any CPU.ActiveCfg = Release|Any CPU
		{6A0571F7-C757-468E-A95C-61C99787B2A6}.Release|Any CPU.Build.0 = Release|Any CPU
		{6A0571F7-C757-468E-A95C-61C99787B2A6}.Debug|Any CPU.ActiveCfg = Debug|Any CPU
		{6A0571F7-C757-468E-A95C-61C99787B2A6}.Debug|Any CPU.Build.0 = Debug|Any CPU
	EndGlobalSection
	GlobalSection(SolutionProperties) = preSolution
		HideSolutionNode = FALSE
	EndGlobalSection
	GlobalSection(ExtensibilityGlobals) = postSolution
		SolutionGuid = {8108E67E-5FA4-4F8B-BC8B-0306A7E3DA16}
	EndGlobalSection
EndGlobal
